
Microsoft Visual Studio Solution File, Format Version 12.00
# Visual Studio Version 17
VisualStudioVersion = 17.9.34723.18
MinimumVisualStudioVersion = 10.0.40219.1
Project("{2150E333-8FDC-42A3-9474-1A3956D46DE8}") = "Services", "Services", "{8390E81C-22D0-47A0-924D-B7A229755CAF}"
EndProject
Project("{2150E333-8FDC-42A3-9474-1A3956D46DE8}") = "Catalog", "Catalog", "{2FA34BAB-C93A-4649-903B-F9D900588708}"
EndProject
Project("{9A19103F-16F7-4668-BE54-9A1E7A4F7556}") = "Catalog.API", "Services\Catalog\Catalog.API\Catalog.API.csproj", "{426772B2-ECB0-4A2F-92DB-B839C13852E4}"
EndProject
Project("{2150E333-8FDC-42A3-9474-1A3956D46DE8}") = "BuildingBlock", "BuildingBlock", "{B9ECB483-7401-432B-8277-0CD9F737CE36}"
EndProject
Project("{9A19103F-16F7-4668-BE54-9A1E7A4F7556}") = "BuildingBlocks", "BuildingBlocks\BuildingBlocks\BuildingBlocks.csproj", "{05B06F8B-8957-463C-97F4-5C87EBA1E2E3}"
EndProject
Project("{E53339B2-1760-4266-BCC7-CA923CBCF16C}") = "docker-compose", "docker-compose.dcproj", "{809209D7-0012-4EF1-9DD0-26FE960B213A}"
EndProject
Project("{2150E333-8FDC-42A3-9474-1A3956D46DE8}") = "Basket", "Basket", "{5F03EF46-34AB-4DE1-A6B1-A7D5983CA244}"
EndProject
Project("{9A19103F-16F7-4668-BE54-9A1E7A4F7556}") = "Basket.API", "Services\Basket\Basket.API\Basket.API.csproj", "{45BB3C3F-97BA-4301-B88C-47634885912B}"
EndProject
Project("{2150E333-8FDC-42A3-9474-1A3956D46DE8}") = "Discount", "Discount", "{F02E601A-960D-415B-98A7-C962A67356C4}"
EndProject
Project("{9A19103F-16F7-4668-BE54-9A1E7A4F7556}") = "Discount.Grpc", "Services\Discount\Discount.Grpc\Discount.Grpc.csproj", "{CC44E023-1DF7-46FB-B42C-624E99E7042D}"
EndProject
Project("{2150E333-8FDC-42A3-9474-1A3956D46DE8}") = "Ordering", "Ordering", "{27913B2F-3FE3-43C5-9908-120269E550E9}"
EndProject
Project("{FAE04EC0-301F-11D3-BF4B-00C04F79EFBC}") = "Ordering.API", "Services\Ordering\Ordering.API\Ordering.API.csproj", "{53FC2842-9064-420F-BCD4-597D42B63409}"
EndProject
Project("{FAE04EC0-301F-11D3-BF4B-00C04F79EFBC}") = "Ordering.Domain", "Services\Ordering\Ordering.Domain\Ordering.Domain.csproj", "{BBF5D203-0958-44F9-9CA6-741EA682711A}"
EndProject
Project("{FAE04EC0-301F-11D3-BF4B-00C04F79EFBC}") = "Ordering.Application", "Services\Ordering\Ordering.Application\Ordering.Application.csproj", "{7B97E772-6201-4EE0-B81D-BCD644025961}"
EndProject
Project("{FAE04EC0-301F-11D3-BF4B-00C04F79EFBC}") = "Ordering.Infrastructure", "Services\Ordering\Ordering.Infrastructure\Ordering.Infrastructure.csproj", "{48526771-136E-47C3-A68E-BC9A2DF8EFB0}"
EndProject
Global
	GlobalSection(SolutionConfigurationPlatforms) = preSolution
		Debug|Any CPU = Debug|Any CPU
		Release|Any CPU = Release|Any CPU
	EndGlobalSection
	GlobalSection(ProjectConfigurationPlatforms) = postSolution
		{426772B2-ECB0-4A2F-92DB-B839C13852E4}.Debug|Any CPU.ActiveCfg = Debug|Any CPU
		{426772B2-ECB0-4A2F-92DB-B839C13852E4}.Debug|Any CPU.Build.0 = Debug|Any CPU
		{426772B2-ECB0-4A2F-92DB-B839C13852E4}.Release|Any CPU.ActiveCfg = Release|Any CPU
		{426772B2-ECB0-4A2F-92DB-B839C13852E4}.Release|Any CPU.Build.0 = Release|Any CPU
		{05B06F8B-8957-463C-97F4-5C87EBA1E2E3}.Debug|Any CPU.ActiveCfg = Debug|Any CPU
		{05B06F8B-8957-463C-97F4-5C87EBA1E2E3}.Debug|Any CPU.Build.0 = Debug|Any CPU
		{05B06F8B-8957-463C-97F4-5C87EBA1E2E3}.Release|Any CPU.ActiveCfg = Release|Any CPU
		{05B06F8B-8957-463C-97F4-5C87EBA1E2E3}.Release|Any CPU.Build.0 = Release|Any CPU
		{809209D7-0012-4EF1-9DD0-26FE960B213A}.Debug|Any CPU.ActiveCfg = Debug|Any CPU
		{809209D7-0012-4EF1-9DD0-26FE960B213A}.Debug|Any CPU.Build.0 = Debug|Any CPU
		{809209D7-0012-4EF1-9DD0-26FE960B213A}.Release|Any CPU.ActiveCfg = Release|Any CPU
		{809209D7-0012-4EF1-9DD0-26FE960B213A}.Release|Any CPU.Build.0 = Release|Any CPU
		{45BB3C3F-97BA-4301-B88C-47634885912B}.Debug|Any CPU.ActiveCfg = Debug|Any CPU
		{45BB3C3F-97BA-4301-B88C-47634885912B}.Debug|Any CPU.Build.0 = Debug|Any CPU
		{45BB3C3F-97BA-4301-B88C-47634885912B}.Release|Any CPU.ActiveCfg = Release|Any CPU
		{45BB3C3F-97BA-4301-B88C-47634885912B}.Release|Any CPU.Build.0 = Release|Any CPU
		{CC44E023-1DF7-46FB-B42C-624E99E7042D}.Debug|Any CPU.ActiveCfg = Debug|Any CPU
		{CC44E023-1DF7-46FB-B42C-624E99E7042D}.Debug|Any CPU.Build.0 = Debug|Any CPU
		{CC44E023-1DF7-46FB-B42C-624E99E7042D}.Release|Any CPU.ActiveCfg = Release|Any CPU
		{CC44E023-1DF7-46FB-B42C-624E99E7042D}.Release|Any CPU.Build.0 = Release|Any CPU
		{53FC2842-9064-420F-BCD4-597D42B63409}.Debug|Any CPU.ActiveCfg = Debug|Any CPU
		{53FC2842-9064-420F-BCD4-597D42B63409}.Debug|Any CPU.Build.0 = Debug|Any CPU
		{53FC2842-9064-420F-BCD4-597D42B63409}.Release|Any CPU.ActiveCfg = Release|Any CPU
		{53FC2842-9064-420F-BCD4-597D42B63409}.Release|Any CPU.Build.0 = Release|Any CPU
		{BBF5D203-0958-44F9-9CA6-741EA682711A}.Debug|Any CPU.ActiveCfg = Debug|Any CPU
		{BBF5D203-0958-44F9-9CA6-741EA682711A}.Debug|Any CPU.Build.0 = Debug|Any CPU
		{BBF5D203-0958-44F9-9CA6-741EA682711A}.Release|Any CPU.ActiveCfg = Release|Any CPU
		{BBF5D203-0958-44F9-9CA6-741EA682711A}.Release|Any CPU.Build.0 = Release|Any CPU
		{7B97E772-6201-4EE0-B81D-BCD644025961}.Debug|Any CPU.ActiveCfg = Debug|Any CPU
		{7B97E772-6201-4EE0-B81D-BCD644025961}.Debug|Any CPU.Build.0 = Debug|Any CPU
		{7B97E772-6201-4EE0-B81D-BCD644025961}.Release|Any CPU.ActiveCfg = Release|Any CPU
		{7B97E772-6201-4EE0-B81D-BCD644025961}.Release|Any CPU.Build.0 = Release|Any CPU
		{48526771-136E-47C3-A68E-BC9A2DF8EFB0}.Debug|Any CPU.ActiveCfg = Debug|Any CPU
		{48526771-136E-47C3-A68E-BC9A2DF8EFB0}.Debug|Any CPU.Build.0 = Debug|Any CPU
		{48526771-136E-47C3-A68E-BC9A2DF8EFB0}.Release|Any CPU.ActiveCfg = Release|Any CPU
		{48526771-136E-47C3-A68E-BC9A2DF8EFB0}.Release|Any CPU.Build.0 = Release|Any CPU
	EndGlobalSection
	GlobalSection(SolutionProperties) = preSolution
		HideSolutionNode = FALSE
	EndGlobalSection
	GlobalSection(NestedProjects) = preSolution
		{2FA34BAB-C93A-4649-903B-F9D900588708} = {8390E81C-22D0-47A0-924D-B7A229755CAF}
		{426772B2-ECB0-4A2F-92DB-B839C13852E4} = {2FA34BAB-C93A-4649-903B-F9D900588708}
		{05B06F8B-8957-463C-97F4-5C87EBA1E2E3} = {B9ECB483-7401-432B-8277-0CD9F737CE36}
		{5F03EF46-34AB-4DE1-A6B1-A7D5983CA244} = {8390E81C-22D0-47A0-924D-B7A229755CAF}
		{45BB3C3F-97BA-4301-B88C-47634885912B} = {5F03EF46-34AB-4DE1-A6B1-A7D5983CA244}
		{F02E601A-960D-415B-98A7-C962A67356C4} = {8390E81C-22D0-47A0-924D-B7A229755CAF}
		{CC44E023-1DF7-46FB-B42C-624E99E7042D} = {F02E601A-960D-415B-98A7-C962A67356C4}
		{27913B2F-3FE3-43C5-9908-120269E550E9} = {8390E81C-22D0-47A0-924D-B7A229755CAF}
		{53FC2842-9064-420F-BCD4-597D42B63409} = {27913B2F-3FE3-43C5-9908-120269E550E9}
		{BBF5D203-0958-44F9-9CA6-741EA682711A} = {27913B2F-3FE3-43C5-9908-120269E550E9}
		{7B97E772-6201-4EE0-B81D-BCD644025961} = {27913B2F-3FE3-43C5-9908-120269E550E9}
		{48526771-136E-47C3-A68E-BC9A2DF8EFB0} = {27913B2F-3FE3-43C5-9908-120269E550E9}
	EndGlobalSection
	GlobalSection(ExtensibilityGlobals) = postSolution
		SolutionGuid = {8CA89FDB-5C0C-4AF2-B8C9-8AA1C9530FA5}
	EndGlobalSection
EndGlobal
